
Microsoft Visual Studio Solution File, Format Version 12.00
# Visual Studio Version 16
VisualStudioVersion = 16.0.29001.49
MinimumVisualStudioVersion = 10.0.40219.1
Project("{9A19103F-16F7-4668-BE54-9A1E7A4F7556}") = "WebAPI", "WebAPI\WebAPI.csproj", "{9D3CD877-4001-42F4-950A-E4BBA797B16F}"
EndProject
Project("{9A19103F-16F7-4668-BE54-9A1E7A4F7556}") = "Infra", "Infra\Infra.csproj", "{AD7EAD3C-05F8-45B6-90F5-DAB05B65B2F5}"
EndProject
Project("{9A19103F-16F7-4668-BE54-9A1E7A4F7556}") = "DTO", "DTO\DTO.csproj", "{FC463EE4-91B2-45DF-B698-91DA34F31595}"
EndProject
Project("{FAE04EC0-301F-11D3-BF4B-00C04F79EFBC}") = "BusinessRules", "BusinessRules\BusinessRules.csproj", "{2E966D2A-184B-4B83-B356-A6BBCFCABC16}"
EndProject
Global
	GlobalSection(SolutionConfigurationPlatforms) = preSolution
		Debug|Any CPU = Debug|Any CPU
		Release|Any CPU = Release|Any CPU
	EndGlobalSection
	GlobalSection(ProjectConfigurationPlatforms) = postSolution
		{9D3CD877-4001-42F4-950A-E4BBA797B16F}.Debug|Any CPU.ActiveCfg = Debug|Any CPU
		{9D3CD877-4001-42F4-950A-E4BBA797B16F}.Debug|Any CPU.Build.0 = Debug|Any CPU
		{9D3CD877-4001-42F4-950A-E4BBA797B16F}.Release|Any CPU.ActiveCfg = Release|Any CPU
		{9D3CD877-4001-42F4-950A-E4BBA797B16F}.Release|Any CPU.Build.0 = Release|Any CPU
		{AD7EAD3C-05F8-45B6-90F5-DAB05B65B2F5}.Debug|Any CPU.ActiveCfg = Debug|Any CPU
		{AD7EAD3C-05F8-45B6-90F5-DAB05B65B2F5}.Debug|Any CPU.Build.0 = Debug|Any CPU
		{AD7EAD3C-05F8-45B6-90F5-DAB05B65B2F5}.Release|Any CPU.ActiveCfg = Release|Any CPU
		{AD7EAD3C-05F8-45B6-90F5-DAB05B65B2F5}.Release|Any CPU.Build.0 = Release|Any CPU
		{FC463EE4-91B2-45DF-B698-91DA34F31595}.Debug|Any CPU.ActiveCfg = Debug|Any CPU
		{FC463EE4-91B2-45DF-B698-91DA34F31595}.Debug|Any CPU.Build.0 = Debug|Any CPU
		{FC463EE4-91B2-45DF-B698-91DA34F31595}.Release|Any CPU.ActiveCfg = Release|Any CPU
		{FC463EE4-91B2-45DF-B698-91DA34F31595}.Release|Any CPU.Build.0 = Release|Any CPU
		{2E966D2A-184B-4B83-B356-A6BBCFCABC16}.Debug|Any CPU.ActiveCfg = Debug|Any CPU
		{2E966D2A-184B-4B83-B356-A6BBCFCABC16}.Debug|Any CPU.Build.0 = Debug|Any CPU
		{2E966D2A-184B-4B83-B356-A6BBCFCABC16}.Release|Any CPU.ActiveCfg = Release|Any CPU
		{2E966D2A-184B-4B83-B356-A6BBCFCABC16}.Release|Any CPU.Build.0 = Release|Any CPU
	EndGlobalSection
	GlobalSection(SolutionProperties) = preSolution
		HideSolutionNode = FALSE
	EndGlobalSection
	GlobalSection(ExtensibilityGlobals) = postSolution
		SolutionGuid = {228F0F7D-B5FF-47B2-B754-E8444F0F3BD4}
	EndGlobalSection
EndGlobal
